
Microsoft Visual Studio Solution File, Format Version 12.00
# Visual Studio 15
VisualStudioVersion = 15.0.27703.2042
MinimumVisualStudioVersion = 10.0.40219.1
Project("{FAE04EC0-301F-11D3-BF4B-00C04F79EFBC}") = "DiscordBot", "DiscordBot\DiscordBot.csproj", "{CF6055C7-3CEF-4929-8DDC-23D04F8199B8}"
EndProject
Project("{FAE04EC0-301F-11D3-BF4B-00C04F79EFBC}") = "TwitchBot", "TwitchBot\TwitchBot.csproj", "{D02DF8CF-1C09-4E78-AE70-ED2E53E9BEC9}"
EndProject
Project("{FAE04EC0-301F-11D3-BF4B-00C04F79EFBC}") = "BotService", "BotService\BotService.csproj", "{1F1B664A-8567-4033-94A8-4D79D3187A12}"
EndProject
Project("{FAE04EC0-301F-11D3-BF4B-00C04F79EFBC}") = "BotTestConsole", "BotTestConsole\BotTestConsole.csproj", "{DD114B46-652E-4CF7-9BE8-2820B345D136}"
EndProject
Project("{FAE04EC0-301F-11D3-BF4B-00C04F79EFBC}") = "WebServer", "WebServer\WebServer.csproj", "{0CC67E22-E32B-4EE4-9E5B-EF79651529EA}"
EndProject
Project("{9A19103F-16F7-4668-BE54-9A1E7A4F7556}") = "MyServiceCore", "MyServiceCore\MyServiceCore.csproj", "{0B324FFC-FD31-4D43-8AC0-1AC33D34AE8B}"
EndProject
Project("{9A19103F-16F7-4668-BE54-9A1E7A4F7556}") = "BotCore.Interfaces", "BotCore.Interfaces\BotCore.Interfaces.csproj", "{EF1F78FC-FA3B-4044-A752-6C21FB7F115F}"
EndProject
Project("{9A19103F-16F7-4668-BE54-9A1E7A4F7556}") = "BotCore.Standard", "BotCore.Standard\BotCore.Standard.csproj", "{C766C80B-9CBE-44BA-8E63-27AAA5D71943}"
EndProject
Project("{9A19103F-16F7-4668-BE54-9A1E7A4F7556}") = "BotEntities.Standard", "BotEntities.Standard\BotEntities.Standard.csproj", "{DB9B2959-B9A5-4362-8D25-106651EAB43E}"
EndProject
Project("{FAE04EC0-301F-11D3-BF4B-00C04F79EFBC}") = "CSharpHueClient", "CSharpHueClient\CSharpHueClient.csproj", "{0328329E-4A7F-4762-8C5D-3F5DD31E6DBA}"
EndProject
Global
	GlobalSection(SolutionConfigurationPlatforms) = preSolution
		Debug|Any CPU = Debug|Any CPU
		Debug|x86 = Debug|x86
		Release|Any CPU = Release|Any CPU
		Release|x86 = Release|x86
	EndGlobalSection
	GlobalSection(ProjectConfigurationPlatforms) = postSolution
		{CF6055C7-3CEF-4929-8DDC-23D04F8199B8}.Debug|Any CPU.ActiveCfg = Debug|Any CPU
		{CF6055C7-3CEF-4929-8DDC-23D04F8199B8}.Debug|Any CPU.Build.0 = Debug|Any CPU
		{CF6055C7-3CEF-4929-8DDC-23D04F8199B8}.Debug|x86.ActiveCfg = Debug|Any CPU
		{CF6055C7-3CEF-4929-8DDC-23D04F8199B8}.Debug|x86.Build.0 = Debug|Any CPU
		{CF6055C7-3CEF-4929-8DDC-23D04F8199B8}.Release|Any CPU.ActiveCfg = Release|Any CPU
		{CF6055C7-3CEF-4929-8DDC-23D04F8199B8}.Release|Any CPU.Build.0 = Release|Any CPU
		{CF6055C7-3CEF-4929-8DDC-23D04F8199B8}.Release|x86.ActiveCfg = Release|Any CPU
		{CF6055C7-3CEF-4929-8DDC-23D04F8199B8}.Release|x86.Build.0 = Release|Any CPU
		{D02DF8CF-1C09-4E78-AE70-ED2E53E9BEC9}.Debug|Any CPU.ActiveCfg = Debug|Any CPU
		{D02DF8CF-1C09-4E78-AE70-ED2E53E9BEC9}.Debug|Any CPU.Build.0 = Debug|Any CPU
		{D02DF8CF-1C09-4E78-AE70-ED2E53E9BEC9}.Debug|x86.ActiveCfg = Debug|Any CPU
		{D02DF8CF-1C09-4E78-AE70-ED2E53E9BEC9}.Debug|x86.Build.0 = Debug|Any CPU
		{D02DF8CF-1C09-4E78-AE70-ED2E53E9BEC9}.Release|Any CPU.ActiveCfg = Release|Any CPU
		{D02DF8CF-1C09-4E78-AE70-ED2E53E9BEC9}.Release|Any CPU.Build.0 = Release|Any CPU
		{D02DF8CF-1C09-4E78-AE70-ED2E53E9BEC9}.Release|x86.ActiveCfg = Release|Any CPU
		{D02DF8CF-1C09-4E78-AE70-ED2E53E9BEC9}.Release|x86.Build.0 = Release|Any CPU
		{1F1B664A-8567-4033-94A8-4D79D3187A12}.Debug|Any CPU.ActiveCfg = Debug|Any CPU
		{1F1B664A-8567-4033-94A8-4D79D3187A12}.Debug|Any CPU.Build.0 = Debug|Any CPU
		{1F1B664A-8567-4033-94A8-4D79D3187A12}.Debug|x86.ActiveCfg = Debug|Any CPU
		{1F1B664A-8567-4033-94A8-4D79D3187A12}.Debug|x86.Build.0 = Debug|Any CPU
		{1F1B664A-8567-4033-94A8-4D79D3187A12}.Release|Any CPU.ActiveCfg = Release|Any CPU
		{1F1B664A-8567-4033-94A8-4D79D3187A12}.Release|Any CPU.Build.0 = Release|Any CPU
		{1F1B664A-8567-4033-94A8-4D79D3187A12}.Release|x86.ActiveCfg = Release|Any CPU
		{1F1B664A-8567-4033-94A8-4D79D3187A12}.Release|x86.Build.0 = Release|Any CPU
		{DD114B46-652E-4CF7-9BE8-2820B345D136}.Debug|Any CPU.ActiveCfg = Debug|Any CPU
		{DD114B46-652E-4CF7-9BE8-2820B345D136}.Debug|Any CPU.Build.0 = Debug|Any CPU
		{DD114B46-652E-4CF7-9BE8-2820B345D136}.Debug|x86.ActiveCfg = Debug|Any CPU
		{DD114B46-652E-4CF7-9BE8-2820B345D136}.Debug|x86.Build.0 = Debug|Any CPU
		{DD114B46-652E-4CF7-9BE8-2820B345D136}.Release|Any CPU.ActiveCfg = Release|Any CPU
		{DD114B46-652E-4CF7-9BE8-2820B345D136}.Release|Any CPU.Build.0 = Release|Any CPU
		{DD114B46-652E-4CF7-9BE8-2820B345D136}.Release|x86.ActiveCfg = Release|Any CPU
		{DD114B46-652E-4CF7-9BE8-2820B345D136}.Release|x86.Build.0 = Release|Any CPU
		{0CC67E22-E32B-4EE4-9E5B-EF79651529EA}.Debug|Any CPU.ActiveCfg = Debug|Any CPU
		{0CC67E22-E32B-4EE4-9E5B-EF79651529EA}.Debug|Any CPU.Build.0 = Debug|Any CPU
		{0CC67E22-E32B-4EE4-9E5B-EF79651529EA}.Debug|x86.ActiveCfg = Debug|Any CPU
		{0CC67E22-E32B-4EE4-9E5B-EF79651529EA}.Debug|x86.Build.0 = Debug|Any CPU
		{0CC67E22-E32B-4EE4-9E5B-EF79651529EA}.Release|Any CPU.ActiveCfg = Release|Any CPU
		{0CC67E22-E32B-4EE4-9E5B-EF79651529EA}.Release|Any CPU.Build.0 = Release|Any CPU
		{0CC67E22-E32B-4EE4-9E5B-EF79651529EA}.Release|x86.ActiveCfg = Release|Any CPU
		{0CC67E22-E32B-4EE4-9E5B-EF79651529EA}.Release|x86.Build.0 = Release|Any CPU
		{0B324FFC-FD31-4D43-8AC0-1AC33D34AE8B}.Debug|Any CPU.ActiveCfg = Debug|Any CPU
		{0B324FFC-FD31-4D43-8AC0-1AC33D34AE8B}.Debug|Any CPU.Build.0 = Debug|Any CPU
		{0B324FFC-FD31-4D43-8AC0-1AC33D34AE8B}.Debug|x86.ActiveCfg = Debug|Any CPU
		{0B324FFC-FD31-4D43-8AC0-1AC33D34AE8B}.Debug|x86.Build.0 = Debug|Any CPU
		{0B324FFC-FD31-4D43-8AC0-1AC33D34AE8B}.Release|Any CPU.ActiveCfg = Release|Any CPU
		{0B324FFC-FD31-4D43-8AC0-1AC33D34AE8B}.Release|Any CPU.Build.0 = Release|Any CPU
		{0B324FFC-FD31-4D43-8AC0-1AC33D34AE8B}.Release|x86.ActiveCfg = Release|Any CPU
		{0B324FFC-FD31-4D43-8AC0-1AC33D34AE8B}.Release|x86.Build.0 = Release|Any CPU
		{EF1F78FC-FA3B-4044-A752-6C21FB7F115F}.Debug|Any CPU.ActiveCfg = Debug|Any CPU
		{EF1F78FC-FA3B-4044-A752-6C21FB7F115F}.Debug|Any CPU.Build.0 = Debug|Any CPU
		{EF1F78FC-FA3B-4044-A752-6C21FB7F115F}.Debug|x86.ActiveCfg = Debug|Any CPU
		{EF1F78FC-FA3B-4044-A752-6C21FB7F115F}.Debug|x86.Build.0 = Debug|Any CPU
		{EF1F78FC-FA3B-4044-A752-6C21FB7F115F}.Release|Any CPU.ActiveCfg = Release|Any CPU
		{EF1F78FC-FA3B-4044-A752-6C21FB7F115F}.Release|Any CPU.Build.0 = Release|Any CPU
		{EF1F78FC-FA3B-4044-A752-6C21FB7F115F}.Release|x86.ActiveCfg = Release|Any CPU
		{EF1F78FC-FA3B-4044-A752-6C21FB7F115F}.Release|x86.Build.0 = Release|Any CPU
		{C766C80B-9CBE-44BA-8E63-27AAA5D71943}.Debug|Any CPU.ActiveCfg = Debug|Any CPU
		{C766C80B-9CBE-44BA-8E63-27AAA5D71943}.Debug|Any CPU.Build.0 = Debug|Any CPU
		{C766C80B-9CBE-44BA-8E63-27AAA5D71943}.Debug|x86.ActiveCfg = Debug|Any CPU
		{C766C80B-9CBE-44BA-8E63-27AAA5D71943}.Debug|x86.Build.0 = Debug|Any CPU
		{C766C80B-9CBE-44BA-8E63-27AAA5D71943}.Release|Any CPU.ActiveCfg = Release|Any CPU
		{C766C80B-9CBE-44BA-8E63-27AAA5D71943}.Release|Any CPU.Build.0 = Release|Any CPU
		{C766C80B-9CBE-44BA-8E63-27AAA5D71943}.Release|x86.ActiveCfg = Release|Any CPU
		{C766C80B-9CBE-44BA-8E63-27AAA5D71943}.Release|x86.Build.0 = Release|Any CPU
		{DB9B2959-B9A5-4362-8D25-106651EAB43E}.Debug|Any CPU.ActiveCfg = Debug|Any CPU
		{DB9B2959-B9A5-4362-8D25-106651EAB43E}.Debug|Any CPU.Build.0 = Debug|Any CPU
		{DB9B2959-B9A5-4362-8D25-106651EAB43E}.Debug|x86.ActiveCfg = Debug|Any CPU
		{DB9B2959-B9A5-4362-8D25-106651EAB43E}.Debug|x86.Build.0 = Debug|Any CPU
		{DB9B2959-B9A5-4362-8D25-106651EAB43E}.Release|Any CPU.ActiveCfg = Release|Any CPU
		{DB9B2959-B9A5-4362-8D25-106651EAB43E}.Release|Any CPU.Build.0 = Release|Any CPU
		{DB9B2959-B9A5-4362-8D25-106651EAB43E}.Release|x86.ActiveCfg = Release|Any CPU
		{DB9B2959-B9A5-4362-8D25-106651EAB43E}.Release|x86.Build.0 = Release|Any CPU
		{0328329E-4A7F-4762-8C5D-3F5DD31E6DBA}.Debug|Any CPU.ActiveCfg = Debug|Any CPU
		{0328329E-4A7F-4762-8C5D-3F5DD31E6DBA}.Debug|Any CPU.Build.0 = Debug|Any CPU
		{0328329E-4A7F-4762-8C5D-3F5DD31E6DBA}.Debug|x86.ActiveCfg = Debug|Any CPU
		{0328329E-4A7F-4762-8C5D-3F5DD31E6DBA}.Debug|x86.Build.0 = Debug|Any CPU
		{0328329E-4A7F-4762-8C5D-3F5DD31E6DBA}.Release|Any CPU.ActiveCfg = Release|Any CPU
		{0328329E-4A7F-4762-8C5D-3F5DD31E6DBA}.Release|Any CPU.Build.0 = Release|Any CPU
		{0328329E-4A7F-4762-8C5D-3F5DD31E6DBA}.Release|x86.ActiveCfg = Release|Any CPU
		{0328329E-4A7F-4762-8C5D-3F5DD31E6DBA}.Release|x86.Build.0 = Release|Any CPU
	EndGlobalSection
	GlobalSection(SolutionProperties) = preSolution
		HideSolutionNode = FALSE
	EndGlobalSection
	GlobalSection(ExtensibilityGlobals) = postSolution
		SolutionGuid = {A300186B-6923-484B-AF16-8D5516C2B042}
	EndGlobalSection
EndGlobal
